// !$*UTF8*$!
{
	archiveVersion = 1;
	classes = {
	};
	objectVersion = 50;
	objects = {

/* Begin PBXBuildFile section */
		782850BD25B708CA00E629BC /* PlayingCardView.swift in Sources */ = {isa = PBXBuildFile; fileRef = 782850BC25B708CA00E629BC /* PlayingCardView.swift */; };
		787B6B6125B37B050012510D /* AppDelegate.swift in Sources */ = {isa = PBXBuildFile; fileRef = 787B6B6025B37B050012510D /* AppDelegate.swift */; };
		787B6B6325B37B050012510D /* SceneDelegate.swift in Sources */ = {isa = PBXBuildFile; fileRef = 787B6B6225B37B050012510D /* SceneDelegate.swift */; };
		787B6B6525B37B050012510D /* ViewController.swift in Sources */ = {isa = PBXBuildFile; fileRef = 787B6B6425B37B050012510D /* ViewController.swift */; };
		787B6B6825B37B050012510D /* Main.storyboard in Resources */ = {isa = PBXBuildFile; fileRef = 787B6B6625B37B050012510D /* Main.storyboard */; };
		787B6B6A25B37B090012510D /* Assets.xcassets in Resources */ = {isa = PBXBuildFile; fileRef = 787B6B6925B37B090012510D /* Assets.xcassets */; };
		787B6B6D25B37B090012510D /* LaunchScreen.storyboard in Resources */ = {isa = PBXBuildFile; fileRef = 787B6B6B25B37B090012510D /* LaunchScreen.storyboard */; };
		787B6B7725B37C2F0012510D /* PlayingCard.swift in Sources */ = {isa = PBXBuildFile; fileRef = 787B6B7625B37C2F0012510D /* PlayingCard.swift */; };
		787B6B7B25B3A4870012510D /* PlayingCardDeck.swift in Sources */ = {isa = PBXBuildFile; fileRef = 787B6B7A25B3A4870012510D /* PlayingCardDeck.swift */; };
/* End PBXBuildFile section */

/* Begin PBXFileReference section */
		782850BC25B708CA00E629BC /* PlayingCardView.swift */ = {isa = PBXFileReference; lastKnownFileType = sourcecode.swift; path = PlayingCardView.swift; sourceTree = "<group>"; };
		787B6B5D25B37B050012510D /* PlayingCard.app */ = {isa = PBXFileReference; explicitFileType = wrapper.application; includeInIndex = 0; path = PlayingCard.app; sourceTree = BUILT_PRODUCTS_DIR; };
		787B6B6025B37B050012510D /* AppDelegate.swift */ = {isa = PBXFileReference; lastKnownFileType = sourcecode.swift; path = AppDelegate.swift; sourceTree = "<group>"; };
		787B6B6225B37B050012510D /* SceneDelegate.swift */ = {isa = PBXFileReference; lastKnownFileType = sourcecode.swift; path = SceneDelegate.swift; sourceTree = "<group>"; };
		787B6B6425B37B050012510D /* ViewController.swift */ = {isa = PBXFileReference; lastKnownFileType = sourcecode.swift; path = ViewController.swift; sourceTree = "<group>"; };
		787B6B6725B37B050012510D /* Base */ = {isa = PBXFileReference; lastKnownFileType = file.storyboard; name = Base; path = Base.lproj/Main.storyboard; sourceTree = "<group>"; };
		787B6B6925B37B090012510D /* Assets.xcassets */ = {isa = PBXFileReference; lastKnownFileType = folder.assetcatalog; path = Assets.xcassets; sourceTree = "<group>"; };
		787B6B6C25B37B090012510D /* Base */ = {isa = PBXFileReference; lastKnownFileType = file.storyboard; name = Base; path = Base.lproj/LaunchScreen.storyboard; sourceTree = "<group>"; };
		787B6B6E25B37B090012510D /* Info.plist */ = {isa = PBXFileReference; lastKnownFileType = text.plist.xml; path = Info.plist; sourceTree = "<group>"; };
		787B6B7625B37C2F0012510D /* PlayingCard.swift */ = {isa = PBXFileReference; lastKnownFileType = sourcecode.swift; path = PlayingCard.swift; sourceTree = "<group>"; };
		787B6B7A25B3A4870012510D /* PlayingCardDeck.swift */ = {isa = PBXFileReference; lastKnownFileType = sourcecode.swift; path = PlayingCardDeck.swift; sourceTree = "<group>"; };
/* End PBXFileReference section */

/* Begin PBXFrameworksBuildPhase section */
		787B6B5A25B37B050012510D /* Frameworks */ = {
			isa = PBXFrameworksBuildPhase;
			buildActionMask = 2147483647;
			files = (
			);
			runOnlyForDeploymentPostprocessing = 0;
		};
/* End PBXFrameworksBuildPhase section */

/* Begin PBXGroup section */
		787B6B5425B37B040012510D = {
			isa = PBXGroup;
			children = (
				787B6B5F25B37B050012510D /* PlayingCard */,
				787B6B5E25B37B050012510D /* Products */,
			);
			sourceTree = "<group>";
		};
		787B6B5E25B37B050012510D /* Products */ = {
			isa = PBXGroup;
			children = (
				787B6B5D25B37B050012510D /* PlayingCard.app */,
			);
			name = Products;
			sourceTree = "<group>";
		};
		787B6B5F25B37B050012510D /* PlayingCard */ = {
			isa = PBXGroup;
			children = (
				787B6B6025B37B050012510D /* AppDelegate.swift */,
				787B6B6225B37B050012510D /* SceneDelegate.swift */,
				787B6B6425B37B050012510D /* ViewController.swift */,
				78FCC60F25BE081300B676D6 /* Model */,
				78FCC60D25BE080600B676D6 /* View */,
				787B6B6625B37B050012510D /* Main.storyboard */,
				787B6B6925B37B090012510D /* Assets.xcassets */,
				787B6B6B25B37B090012510D /* LaunchScreen.storyboard */,
				787B6B6E25B37B090012510D /* Info.plist */,
			);
			path = PlayingCard;
			sourceTree = "<group>";
		};
		78FCC60D25BE080600B676D6 /* View */ = {
			isa = PBXGroup;
			children = (
				782850BC25B708CA00E629BC /* PlayingCardView.swift */,
			);
			path = View;
			sourceTree = "<group>";
		};
		78FCC60F25BE081300B676D6 /* Model */ = {
			isa = PBXGroup;
			children = (
				787B6B7625B37C2F0012510D /* PlayingCard.swift */,
				787B6B7A25B3A4870012510D /* PlayingCardDeck.swift */,
			);
			path = Model;
			sourceTree = "<group>";
		};
/* End PBXGroup section */

/* Begin PBXNativeTarget section */
		787B6B5C25B37B050012510D /* PlayingCard */ = {
			isa = PBXNativeTarget;
			buildConfigurationList = 787B6B7125B37B090012510D /* Build configuration list for PBXNativeTarget "PlayingCard" */;
			buildPhases = (
				787B6B5925B37B050012510D /* Sources */,
				787B6B5A25B37B050012510D /* Frameworks */,
				787B6B5B25B37B050012510D /* Resources */,
			);
			buildRules = (
			);
			dependencies = (
			);
			name = PlayingCard;
			productName = PlayingCArd;
			productReference = 787B6B5D25B37B050012510D /* PlayingCard.app */;
			productType = "com.apple.product-type.application";
		};
/* End PBXNativeTarget section */

/* Begin PBXProject section */
		787B6B5525B37B040012510D /* Project object */ = {
			isa = PBXProject;
			attributes = {
				LastSwiftUpdateCheck = 1230;
				LastUpgradeCheck = 1230;
				TargetAttributes = {
					787B6B5C25B37B050012510D = {
						CreatedOnToolsVersion = 12.3;
					};
				};
			};
			buildConfigurationList = 787B6B5825B37B040012510D /* Build configuration list for PBXProject "PlayingCard" */;
			compatibilityVersion = "Xcode 9.3";
			developmentRegion = en;
			hasScannedForEncodings = 0;
			knownRegions = (
				en,
				Base,
			);
			mainGroup = 787B6B5425B37B040012510D;
			productRefGroup = 787B6B5E25B37B050012510D /* Products */;
			projectDirPath = "";
			projectRoot = "";
			targets = (
				787B6B5C25B37B050012510D /* PlayingCard */,
			);
		};
/* End PBXProject section */

/* Begin PBXResourcesBuildPhase section */
		787B6B5B25B37B050012510D /* Resources */ = {
			isa = PBXResourcesBuildPhase;
			buildActionMask = 2147483647;
			files = (
				787B6B6D25B37B090012510D /* LaunchScreen.storyboard in Resources */,
				787B6B6A25B37B090012510D /* Assets.xcassets in Resources */,
				787B6B6825B37B050012510D /* Main.storyboard in Resources */,
			);
			runOnlyForDeploymentPostprocessing = 0;
		};
/* End PBXResourcesBuildPhase section */

/* Begin PBXSourcesBuildPhase section */
		787B6B5925B37B050012510D /* Sources */ = {
			isa = PBXSourcesBuildPhase;
			buildActionMask = 2147483647;
			files = (
				787B6B6525B37B050012510D /* ViewController.swift in Sources */,
				782850BD25B708CA00E629BC /* PlayingCardView.swift in Sources */,
				787B6B6125B37B050012510D /* AppDelegate.swift in Sources */,
				787B6B7B25B3A4870012510D /* PlayingCardDeck.swift in Sources */,
				787B6B7725B37C2F0012510D /* PlayingCard.swift in Sources */,
				787B6B6325B37B050012510D /* SceneDelegate.swift in Sources */,
			);
			runOnlyForDeploymentPostprocessing = 0;
		};
/* End PBXSourcesBuildPhase section */

/* Begin PBXVariantGroup section */
		787B6B6625B37B050012510D /* Main.storyboard */ = {
			isa = PBXVariantGroup;
			children = (
				787B6B6725B37B050012510D /* Base */,
			);
			name = Main.storyboard;
			sourceTree = "<group>";
		};
		787B6B6B25B37B090012510D /* LaunchScreen.storyboard */ = {
			isa = PBXVariantGroup;
			children = (
				787B6B6C25B37B090012510D /* Base */,
			);
			name = LaunchScreen.storyboard;
			sourceTree = "<group>";
		};
/* End PBXVariantGroup section */

/* Begin XCBuildConfiguration section */
		787B6B6F25B37B090012510D /* Debug */ = {
			isa = XCBuildConfiguration;
			buildSettings = {
				ALWAYS_SEARCH_USER_PATHS = NO;
				CLANG_ANALYZER_NONNULL = YES;
				CLANG_ANALYZER_NUMBER_OBJECT_CONVERSION = YES_AGGRESSIVE;
				CLANG_CXX_LANGUAGE_STANDARD = "gnu++14";
				CLANG_CXX_LIBRARY = "libc++";
				CLANG_ENABLE_MODULES = YES;
				CLANG_ENABLE_OBJC_ARC = YES;
				CLANG_ENABLE_OBJC_WEAK = YES;
				CLANG_WARN_BLOCK_CAPTURE_AUTORELEASING = YES;
				CLANG_WARN_BOOL_CONVERSION = YES;
				CLANG_WARN_COMMA = YES;
				CLANG_WARN_CONSTANT_CONVERSION = YES;
				CLANG_WARN_DEPRECATED_OBJC_IMPLEMENTATIONS = YES;
				CLANG_WARN_DIRECT_OBJC_ISA_USAGE = YES_ERROR;
				CLANG_WARN_DOCUMENTATION_COMMENTS = YES;
				CLANG_WARN_EMPTY_BODY = YES;
				CLANG_WARN_ENUM_CONVERSION = YES;
				CLANG_WARN_INFINITE_RECURSION = YES;
				CLANG_WARN_INT_CONVERSION = YES;
				CLANG_WARN_NON_LITERAL_NULL_CONVERSION = YES;
				CLANG_WARN_OBJC_IMPLICIT_RETAIN_SELF = YES;
				CLANG_WARN_OBJC_LITERAL_CONVERSION = YES;
				CLANG_WARN_OBJC_ROOT_CLASS = YES_ERROR;
				CLANG_WARN_QUOTED_INCLUDE_IN_FRAMEWORK_HEADER = YES;
				CLANG_WARN_RANGE_LOOP_ANALYSIS = YES;
				CLANG_WARN_STRICT_PROTOTYPES = YES;
				CLANG_WARN_SUSPICIOUS_MOVE = YES;
				CLANG_WARN_UNGUARDED_AVAILABILITY = YES_AGGRESSIVE;
				CLANG_WARN_UNREACHABLE_CODE = YES;
				CLANG_WARN__DUPLICATE_METHOD_MATCH = YES;
				COPY_PHASE_STRIP = NO;
				DEBUG_INFORMATION_FORMAT = dwarf;
				ENABLE_STRICT_OBJC_MSGSEND = YES;
				ENABLE_TESTABILITY = YES;
				GCC_C_LANGUAGE_STANDARD = gnu11;
				GCC_DYNAMIC_NO_PIC = NO;
				GCC_NO_COMMON_BLOCKS = YES;
				GCC_OPTIMIZATION_LEVEL = 0;
				GCC_PREPROCESSOR_DEFINITIONS = (
					"DEBUG=1",
					"$(inherited)",
				);
				GCC_WARN_64_TO_32_BIT_CONVERSION = YES;
				GCC_WARN_ABOUT_RETURN_TYPE = YES_ERROR;
				GCC_WARN_UNDECLARED_SELECTOR = YES;
				GCC_WARN_UNINITIALIZED_AUTOS = YES_AGGRESSIVE;
				GCC_WARN_UNUSED_FUNCTION = YES;
				GCC_WARN_UNUSED_VARIABLE = YES;
				IPHONEOS_DEPLOYMENT_TARGET = 14.3;
				MTL_ENABLE_DEBUG_INFO = INCLUDE_SOURCE;
				MTL_FAST_MATH = YES;
				ONLY_ACTIVE_ARCH = YES;
				SDKROOT = iphoneos;
				SWIFT_ACTIVE_COMPILATION_CONDITIONS = DEBUG;
				SWIFT_OPTIMIZATION_LEVEL = "-Onone";
			};
			name = Debug;
		};
		787B6B7025B37B090012510D /* Release */ = {
			isa = XCBuildConfiguration;
			buildSettings = {
				ALWAYS_SEARCH_USER_PATHS = NO;
				CLANG_ANALYZER_NONNULL = YES;
				CLANG_ANALYZER_NUMBER_OBJECT_CONVERSION = YES_AGGRESSIVE;
				CLANG_CXX_LANGUAGE_STANDARD = "gnu++14";
				CLANG_CXX_LIBRARY = "libc++";
				CLANG_ENABLE_MODULES = YES;
				CLANG_ENABLE_OBJC_ARC = YES;
				CLANG_ENABLE_OBJC_WEAK = YES;
				CLANG_WARN_BLOCK_CAPTURE_AUTORELEASING = YES;
				CLANG_WARN_BOOL_CONVERSION = YES;
				CLANG_WARN_COMMA = YES;
				CLANG_WARN_CONSTANT_CONVERSION = YES;
				CLANG_WARN_DEPRECATED_OBJC_IMPLEMENTATIONS = YES;
				CLANG_WARN_DIRECT_OBJC_ISA_USAGE = YES_ERROR;
				CLANG_WARN_DOCUMENTATION_COMMENTS = YES;
				CLANG_WARN_EMPTY_BODY = YES;
				CLANG_WARN_ENUM_CONVERSION = YES;
				CLANG_WARN_INFINITE_RECURSION = YES;
				CLANG_WARN_INT_CONVERSION = YES;
				CLANG_WARN_NON_LITERAL_NULL_CONVERSION = YES;
				CLANG_WARN_OBJC_IMPLICIT_RETAIN_SELF = YES;
				CLANG_WARN_OBJC_LITERAL_CONVERSION = YES;
				CLANG_WARN_OBJC_ROOT_CLASS = YES_ERROR;
				CLANG_WARN_QUOTED_INCLUDE_IN_FRAMEWORK_HEADER = YES;
				CLANG_WARN_RANGE_LOOP_ANALYSIS = YES;
				CLANG_WARN_STRICT_PROTOTYPES = YES;
				CLANG_WARN_SUSPICIOUS_MOVE = YES;
				CLANG_WARN_UNGUARDED_AVAILABILITY = YES_AGGRESSIVE;
				CLANG_WARN_UNREACHABLE_CODE = YES;
				CLANG_WARN__DUPLICATE_METHOD_MATCH = YES;
				COPY_PHASE_STRIP = NO;
				DEBUG_INFORMATION_FORMAT = "dwarf-with-dsym";
				ENABLE_NS_ASSERTIONS = NO;
				ENABLE_STRICT_OBJC_MSGSEND = YES;
				GCC_C_LANGUAGE_STANDARD = gnu11;
				GCC_NO_COMMON_BLOCKS = YES;
				GCC_WARN_64_TO_32_BIT_CONVERSION = YES;
				GCC_WARN_ABOUT_RETURN_TYPE = YES_ERROR;
				GCC_WARN_UNDECLARED_SELECTOR = YES;
				GCC_WARN_UNINITIALIZED_AUTOS = YES_AGGRESSIVE;
				GCC_WARN_UNUSED_FUNCTION = YES;
				GCC_WARN_UNUSED_VARIABLE = YES;
				IPHONEOS_DEPLOYMENT_TARGET = 14.3;
				MTL_ENABLE_DEBUG_INFO = NO;
				MTL_FAST_MATH = YES;
				SDKROOT = iphoneos;
				SWIFT_COMPILATION_MODE = wholemodule;
				SWIFT_OPTIMIZATION_LEVEL = "-O";
				VALIDATE_PRODUCT = YES;
			};
			name = Release;
		};
		787B6B7225B37B090012510D /* Debug */ = {
			isa = XCBuildConfiguration;
			buildSettings = {
				ASSETCATALOG_COMPILER_APPICON_NAME = AppIcon;
				ASSETCATALOG_COMPILER_GLOBAL_ACCENT_COLOR_NAME = AccentColor;
				CODE_SIGN_STYLE = Automatic;
				DEVELOPMENT_TEAM = DY4HRQH94R;
				INFOPLIST_FILE = PlayingCArd/Info.plist;
				LD_RUNPATH_SEARCH_PATHS = (
					"$(inherited)",
					"@executable_path/Frameworks",
				);
				PRODUCT_BUNDLE_IDENTIFIER = Igor.PlayingCArd;
				PRODUCT_NAME = "$(TARGET_NAME)";
				SWIFT_VERSION = 5.0;
				TARGETED_DEVICE_FAMILY = 1;
			};
			name = Debug;
		};
		787B6B7325B37B090012510D /* Release */ = {
			isa = XCBuildConfiguration;
			buildSettings = {
				ASSETCATALOG_COMPILER_APPICON_NAME = AppIcon;
				ASSETCATALOG_COMPILER_GLOBAL_ACCENT_COLOR_NAME = AccentColor;
				CODE_SIGN_STYLE = Automatic;
				DEVELOPMENT_TEAM = DY4HRQH94R;
				INFOPLIST_FILE = PlayingCArd/Info.plist;
				LD_RUNPATH_SEARCH_PATHS = (
					"$(inherited)",
					"@executable_path/Frameworks",
				);
				PRODUCT_BUNDLE_IDENTIFIER = Igor.PlayingCArd;
				PRODUCT_NAME = "$(TARGET_NAME)";
				SWIFT_VERSION = 5.0;
				TARGETED_DEVICE_FAMILY = 1;
			};
			name = Release;
		};
/* End XCBuildConfiguration section */

/* Begin XCConfigurationList section */
		787B6B5825B37B040012510D /* Build configuration list for PBXProject "PlayingCard" */ = {
			isa = XCConfigurationList;
			buildConfigurations = (
				787B6B6F25B37B090012510D /* Debug */,
				787B6B7025B37B090012510D /* Release */,
			);
			defaultConfigurationIsVisible = 0;
			defaultConfigurationName = Release;
		};
		787B6B7125B37B090012510D /* Build configuration list for PBXNativeTarget "PlayingCard" */ = {
			isa = XCConfigurationList;
			buildConfigurations = (
				787B6B7225B37B090012510D /* Debug */,
				787B6B7325B37B090012510D /* Release */,
			);
			defaultConfigurationIsVisible = 0;
			defaultConfigurationName = Release;
		};
/* End XCConfigurationList section */
	};
	rootObject = 787B6B5525B37B040012510D /* Project object */;
}
